
Microsoft Visual Studio Solution File, Format Version 12.00
# Visual Studio 15
VisualStudioVersion = 15.0.27004.2010
MinimumVisualStudioVersion = 10.0.40219.1
Project("{FAE04EC0-301F-11D3-BF4B-00C04F79EFBC}") = "PrefixSum", "PrefixSum\PrefixSum.csproj", "{1A5C4A99-87C0-4401-B9A7-9847C831569C}"
EndProject
Project("{FAE04EC0-301F-11D3-BF4B-00C04F79EFBC}") = "Infrastructure", "Infrastructure\Infrastructure.csproj", "{D6F26C1C-7BB8-4BE9-8A5C-08AD52F008DC}"
EndProject
Project("{FAE04EC0-301F-11D3-BF4B-00C04F79EFBC}") = "Helpers", "Helpers\Helpers.csproj", "{2C4A17E0-FCA9-4037-9F48-493B15DCA796}"
EndProject
Project("{FAE04EC0-301F-11D3-BF4B-00C04F79EFBC}") = "MergeSort", "MergeSort\MergeSort.csproj", "{B73E21BF-B6F1-43E4-A023-BA7CDA06DF5A}"
EndProject
Project("{FAE04EC0-301F-11D3-BF4B-00C04F79EFBC}") = "Estimator", "Estimator\Estimator.csproj", "{E7A5B86D-B2AE-48C2-9FBE-F1A96D5332A3}"
EndProject
Project("{FAE04EC0-301F-11D3-BF4B-00C04F79EFBC}") = "MapReduce", "MapReduce\MapReduce.csproj", "{6D32E1D4-C50D-4C52-9A06-D49792FFA373}"
EndProject
Project("{FAE04EC0-301F-11D3-BF4B-00C04F79EFBC}") = "TwoClosestPointsOnCanvas", "TwoClosestPointsOnCanvas\TwoClosestPointsOnCanvas.csproj", "{D7A7E462-83D3-484A-9071-D3A95F1C6FFD}"
EndProject
Global
	GlobalSection(SolutionConfigurationPlatforms) = preSolution
		Debug|Any CPU = Debug|Any CPU
		Release|Any CPU = Release|Any CPU
	EndGlobalSection
	GlobalSection(ProjectConfigurationPlatforms) = postSolution
		{1A5C4A99-87C0-4401-B9A7-9847C831569C}.Debug|Any CPU.ActiveCfg = Debug|Any CPU
		{1A5C4A99-87C0-4401-B9A7-9847C831569C}.Debug|Any CPU.Build.0 = Debug|Any CPU
		{1A5C4A99-87C0-4401-B9A7-9847C831569C}.Release|Any CPU.ActiveCfg = Release|Any CPU
		{1A5C4A99-87C0-4401-B9A7-9847C831569C}.Release|Any CPU.Build.0 = Release|Any CPU
		{D6F26C1C-7BB8-4BE9-8A5C-08AD52F008DC}.Debug|Any CPU.ActiveCfg = Debug|Any CPU
		{D6F26C1C-7BB8-4BE9-8A5C-08AD52F008DC}.Debug|Any CPU.Build.0 = Debug|Any CPU
		{D6F26C1C-7BB8-4BE9-8A5C-08AD52F008DC}.Release|Any CPU.ActiveCfg = Release|Any CPU
		{D6F26C1C-7BB8-4BE9-8A5C-08AD52F008DC}.Release|Any CPU.Build.0 = Release|Any CPU
		{2C4A17E0-FCA9-4037-9F48-493B15DCA796}.Debug|Any CPU.ActiveCfg = Debug|Any CPU
		{2C4A17E0-FCA9-4037-9F48-493B15DCA796}.Debug|Any CPU.Build.0 = Debug|Any CPU
		{2C4A17E0-FCA9-4037-9F48-493B15DCA796}.Release|Any CPU.ActiveCfg = Release|Any CPU
		{2C4A17E0-FCA9-4037-9F48-493B15DCA796}.Release|Any CPU.Build.0 = Release|Any CPU
		{B73E21BF-B6F1-43E4-A023-BA7CDA06DF5A}.Debug|Any CPU.ActiveCfg = Debug|Any CPU
		{B73E21BF-B6F1-43E4-A023-BA7CDA06DF5A}.Debug|Any CPU.Build.0 = Debug|Any CPU
		{B73E21BF-B6F1-43E4-A023-BA7CDA06DF5A}.Release|Any CPU.ActiveCfg = Release|Any CPU
		{B73E21BF-B6F1-43E4-A023-BA7CDA06DF5A}.Release|Any CPU.Build.0 = Release|Any CPU
		{E7A5B86D-B2AE-48C2-9FBE-F1A96D5332A3}.Debug|Any CPU.ActiveCfg = Debug|Any CPU
		{E7A5B86D-B2AE-48C2-9FBE-F1A96D5332A3}.Debug|Any CPU.Build.0 = Debug|Any CPU
		{E7A5B86D-B2AE-48C2-9FBE-F1A96D5332A3}.Release|Any CPU.ActiveCfg = Release|Any CPU
		{E7A5B86D-B2AE-48C2-9FBE-F1A96D5332A3}.Release|Any CPU.Build.0 = Release|Any CPU
		{6D32E1D4-C50D-4C52-9A06-D49792FFA373}.Debug|Any CPU.ActiveCfg = Debug|Any CPU
		{6D32E1D4-C50D-4C52-9A06-D49792FFA373}.Debug|Any CPU.Build.0 = Debug|Any CPU
		{6D32E1D4-C50D-4C52-9A06-D49792FFA373}.Release|Any CPU.ActiveCfg = Release|Any CPU
		{6D32E1D4-C50D-4C52-9A06-D49792FFA373}.Release|Any CPU.Build.0 = Release|Any CPU
		{D7A7E462-83D3-484A-9071-D3A95F1C6FFD}.Debug|Any CPU.ActiveCfg = Debug|Any CPU
		{D7A7E462-83D3-484A-9071-D3A95F1C6FFD}.Debug|Any CPU.Build.0 = Debug|Any CPU
		{D7A7E462-83D3-484A-9071-D3A95F1C6FFD}.Release|Any CPU.ActiveCfg = Release|Any CPU
		{D7A7E462-83D3-484A-9071-D3A95F1C6FFD}.Release|Any CPU.Build.0 = Release|Any CPU
	EndGlobalSection
	GlobalSection(SolutionProperties) = preSolution
		HideSolutionNode = FALSE
	EndGlobalSection
	GlobalSection(ExtensibilityGlobals) = postSolution
		SolutionGuid = {61A646F2-C19A-46C9-8F85-122C751AAB00}
	EndGlobalSection
EndGlobal
